
Microsoft Visual Studio Solution File, Format Version 12.00
# Visual Studio 15
Project("{FAE04EC0-301F-11D3-BF4B-00C04F79EFBC}") = "Assembly-CSharp", "Assembly-CSharp.csproj", "{9667DE75-0A7B-D2C5-5BDF-FFE267EF7B0F}"
EndProject
Project("{FAE04EC0-301F-11D3-BF4B-00C04F79EFBC}") = "Unity.XR.Interaction.Toolkit.Samples.StarterAssets", "Unity.XR.Interaction.Toolkit.Samples.StarterAssets.csproj", "{BC1AFBEE-857A-24EB-162B-1D6C243BBE99}"
EndProject
Project("{FAE04EC0-301F-11D3-BF4B-00C04F79EFBC}") = "Assembly-CSharp-Editor", "Assembly-CSharp-Editor.csproj", "{A791D498-9357-54C4-C2E2-1D939500A251}"
EndProject
Global
	GlobalSection(SolutionConfigurationPlatforms) = preSolution
		Debug|Any CPU = Debug|Any CPU
		Release|Any CPU = Release|Any CPU
	EndGlobalSection
	GlobalSection(ProjectConfigurationPlatforms) = postSolution
		{9667DE75-0A7B-D2C5-5BDF-FFE267EF7B0F}.Debug|Any CPU.ActiveCfg = Debug|Any CPU
		{9667DE75-0A7B-D2C5-5BDF-FFE267EF7B0F}.Debug|Any CPU.Build.0 = Debug|Any CPU
		{9667DE75-0A7B-D2C5-5BDF-FFE267EF7B0F}.Release|Any CPU.ActiveCfg = Release|Any CPU
		{9667DE75-0A7B-D2C5-5BDF-FFE267EF7B0F}.Release|Any CPU.Build.0 = Release|Any CPU
		{BC1AFBEE-857A-24EB-162B-1D6C243BBE99}.Debug|Any CPU.ActiveCfg = Debug|Any CPU
		{BC1AFBEE-857A-24EB-162B-1D6C243BBE99}.Debug|Any CPU.Build.0 = Debug|Any CPU
		{BC1AFBEE-857A-24EB-162B-1D6C243BBE99}.Release|Any CPU.ActiveCfg = Release|Any CPU
		{BC1AFBEE-857A-24EB-162B-1D6C243BBE99}.Release|Any CPU.Build.0 = Release|Any CPU
		{A791D498-9357-54C4-C2E2-1D939500A251}.Debug|Any CPU.ActiveCfg = Debug|Any CPU
		{A791D498-9357-54C4-C2E2-1D939500A251}.Debug|Any CPU.Build.0 = Debug|Any CPU
		{A791D498-9357-54C4-C2E2-1D939500A251}.Release|Any CPU.ActiveCfg = Release|Any CPU
		{A791D498-9357-54C4-C2E2-1D939500A251}.Release|Any CPU.Build.0 = Release|Any CPU
	EndGlobalSection
	GlobalSection(SolutionProperties) = preSolution
		HideSolutionNode = FALSE
	EndGlobalSection
EndGlobal
